
Microsoft Visual Studio Solution File, Format Version 12.00
# Visual Studio 14
VisualStudioVersion = 14.0.25420.1
MinimumVisualStudioVersion = 10.0.40219.1
Project("{FAE04EC0-301F-11D3-BF4B-00C04F79EFBC}") = "SaveMyHard", "SaveMyHard\SaveMyHard.csproj", "{495EC6FC-2FD4-4EAE-AD37-F6480B55F62C}"
EndProject
Global
	GlobalSection(SolutionConfigurationPlatforms) = preSolution
		Debug|Any CPU = Debug|Any CPU
		Release|Any CPU = Release|Any CPU
	EndGlobalSection
	GlobalSection(ProjectConfigurationPlatforms) = postSolution
		{495EC6FC-2FD4-4EAE-AD37-F6480B55F62C}.Debug|Any CPU.ActiveCfg = Debug|Any CPU
		{495EC6FC-2FD4-4EAE-AD37-F6480B55F62C}.Debug|Any CPU.Build.0 = Debug|Any CPU
		{495EC6FC-2FD4-4EAE-AD37-F6480B55F62C}.Release|Any CPU.ActiveCfg = Release|Any CPU
		{495EC6FC-2FD4-4EAE-AD37-F6480B55F62C}.Release|Any CPU.Build.0 = Release|Any CPU
	EndGlobalSection
	GlobalSection(SolutionProperties) = preSolution
		HideSolutionNode = FALSE
	EndGlobalSection
EndGlobal
